
Microsoft Visual Studio Solution File, Format Version 12.00
# Visual Studio 14
VisualStudioVersion = 14.0.25420.1
MinimumVisualStudioVersion = 10.0.40219.1
Project("{FAE04EC0-301F-11D3-BF4B-00C04F79EFBC}") = "FamApp", "FamApp\FamApp\FamApp.csproj", "{3636504E-9F2E-41B8-B1A2-0F609B620632}"
EndProject
Project("{FAE04EC0-301F-11D3-BF4B-00C04F79EFBC}") = "FamApp.Droid", "FamApp\FamApp.Droid\FamApp.Droid.csproj", "{DE9E1CDB-F74A-4580-A4F9-6565B5C8C64F}"
EndProject
Project("{FAE04EC0-301F-11D3-BF4B-00C04F79EFBC}") = "FamApp.iOS", "FamApp\FamApp.iOS\FamApp.iOS.csproj", "{A5302879-F2C2-4063-A42A-294B38D3A00A}"
EndProject
Project("{FAE04EC0-301F-11D3-BF4B-00C04F79EFBC}") = "FamApp.WinPhone", "FamApp\FamApp.WinPhone\FamApp.WinPhone.csproj", "{C24FBE84-2161-4B48-95CE-554FEE3C85F9}"
EndProject
Project("{FAE04EC0-301F-11D3-BF4B-00C04F79EFBC}") = "FamApp.UWP", "FamApp\FamApp.UWP\FamApp.UWP.csproj", "{F6A38865-6A8D-485D-8911-88BE5561D12B}"
EndProject
Project("{FAE04EC0-301F-11D3-BF4B-00C04F79EFBC}") = "FamApp.Windows", "FamApp\FamApp.Windows\FamApp.Windows.csproj", "{14C8AC19-F165-4308-8392-CC9EE95ADB05}"
EndProject
Global
	GlobalSection(SolutionConfigurationPlatforms) = preSolution
		Ad-Hoc|Any CPU = Ad-Hoc|Any CPU
		Ad-Hoc|ARM = Ad-Hoc|ARM
		Ad-Hoc|iPhone = Ad-Hoc|iPhone
		Ad-Hoc|iPhoneSimulator = Ad-Hoc|iPhoneSimulator
		Ad-Hoc|x64 = Ad-Hoc|x64
		Ad-Hoc|x86 = Ad-Hoc|x86
		AppStore|Any CPU = AppStore|Any CPU
		AppStore|ARM = AppStore|ARM
		AppStore|iPhone = AppStore|iPhone
		AppStore|iPhoneSimulator = AppStore|iPhoneSimulator
		AppStore|x64 = AppStore|x64
		AppStore|x86 = AppStore|x86
		Debug|Any CPU = Debug|Any CPU
		Debug|ARM = Debug|ARM
		Debug|iPhone = Debug|iPhone
		Debug|iPhoneSimulator = Debug|iPhoneSimulator
		Debug|x64 = Debug|x64
		Debug|x86 = Debug|x86
		Release|Any CPU = Release|Any CPU
		Release|ARM = Release|ARM
		Release|iPhone = Release|iPhone
		Release|iPhoneSimulator = Release|iPhoneSimulator
		Release|x64 = Release|x64
		Release|x86 = Release|x86
	EndGlobalSection
	GlobalSection(ProjectConfigurationPlatforms) = postSolution
		{3636504E-9F2E-41B8-B1A2-0F609B620632}.Ad-Hoc|Any CPU.ActiveCfg = Release|Any CPU
		{3636504E-9F2E-41B8-B1A2-0F609B620632}.Ad-Hoc|Any CPU.Build.0 = Release|Any CPU
		{3636504E-9F2E-41B8-B1A2-0F609B620632}.Ad-Hoc|ARM.ActiveCfg = Release|Any CPU
		{3636504E-9F2E-41B8-B1A2-0F609B620632}.Ad-Hoc|ARM.Build.0 = Release|Any CPU
		{3636504E-9F2E-41B8-B1A2-0F609B620632}.Ad-Hoc|iPhone.ActiveCfg = Release|Any CPU
		{3636504E-9F2E-41B8-B1A2-0F609B620632}.Ad-Hoc|iPhone.Build.0 = Release|Any CPU
		{3636504E-9F2E-41B8-B1A2-0F609B620632}.Ad-Hoc|iPhoneSimulator.ActiveCfg = Release|Any CPU
		{3636504E-9F2E-41B8-B1A2-0F609B620632}.Ad-Hoc|iPhoneSimulator.Build.0 = Release|Any CPU
		{3636504E-9F2E-41B8-B1A2-0F609B620632}.Ad-Hoc|x64.ActiveCfg = Release|Any CPU
		{3636504E-9F2E-41B8-B1A2-0F609B620632}.Ad-Hoc|x64.Build.0 = Release|Any CPU
		{3636504E-9F2E-41B8-B1A2-0F609B620632}.Ad-Hoc|x86.ActiveCfg = Release|Any CPU
		{3636504E-9F2E-41B8-B1A2-0F609B620632}.Ad-Hoc|x86.Build.0 = Release|Any CPU
		{3636504E-9F2E-41B8-B1A2-0F609B620632}.AppStore|Any CPU.ActiveCfg = Release|Any CPU
		{3636504E-9F2E-41B8-B1A2-0F609B620632}.AppStore|Any CPU.Build.0 = Release|Any CPU
		{3636504E-9F2E-41B8-B1A2-0F609B620632}.AppStore|ARM.ActiveCfg = Release|Any CPU
		{3636504E-9F2E-41B8-B1A2-0F609B620632}.AppStore|ARM.Build.0 = Release|Any CPU
		{3636504E-9F2E-41B8-B1A2-0F609B620632}.AppStore|iPhone.ActiveCfg = Release|Any CPU
		{3636504E-9F2E-41B8-B1A2-0F609B620632}.AppStore|iPhone.Build.0 = Release|Any CPU
		{3636504E-9F2E-41B8-B1A2-0F609B620632}.AppStore|iPhoneSimulator.ActiveCfg = Release|Any CPU
		{3636504E-9F2E-41B8-B1A2-0F609B620632}.AppStore|iPhoneSimulator.Build.0 = Release|Any CPU
		{3636504E-9F2E-41B8-B1A2-0F609B620632}.AppStore|x64.ActiveCfg = Release|Any CPU
		{3636504E-9F2E-41B8-B1A2-0F609B620632}.AppStore|x64.Build.0 = Release|Any CPU
		{3636504E-9F2E-41B8-B1A2-0F609B620632}.AppStore|x86.ActiveCfg = Release|Any CPU
		{3636504E-9F2E-41B8-B1A2-0F609B620632}.AppStore|x86.Build.0 = Release|Any CPU
		{3636504E-9F2E-41B8-B1A2-0F609B620632}.Debug|Any CPU.ActiveCfg = Debug|Any CPU
		{3636504E-9F2E-41B8-B1A2-0F609B620632}.Debug|Any CPU.Build.0 = Debug|Any CPU
		{3636504E-9F2E-41B8-B1A2-0F609B620632}.Debug|ARM.ActiveCfg = Debug|Any CPU
		{3636504E-9F2E-41B8-B1A2-0F609B620632}.Debug|ARM.Build.0 = Debug|Any CPU
		{3636504E-9F2E-41B8-B1A2-0F609B620632}.Debug|iPhone.ActiveCfg = Debug|Any CPU
		{3636504E-9F2E-41B8-B1A2-0F609B620632}.Debug|iPhone.Build.0 = Debug|Any CPU
		{3636504E-9F2E-41B8-B1A2-0F609B620632}.Debug|iPhoneSimulator.ActiveCfg = Debug|Any CPU
		{3636504E-9F2E-41B8-B1A2-0F609B620632}.Debug|iPhoneSimulator.Build.0 = Debug|Any CPU
		{3636504E-9F2E-41B8-B1A2-0F609B620632}.Debug|x64.ActiveCfg = Debug|Any CPU
		{3636504E-9F2E-41B8-B1A2-0F609B620632}.Debug|x64.Build.0 = Debug|Any CPU
		{3636504E-9F2E-41B8-B1A2-0F609B620632}.Debug|x86.ActiveCfg = Debug|Any CPU
		{3636504E-9F2E-41B8-B1A2-0F609B620632}.Debug|x86.Build.0 = Debug|Any CPU
		{3636504E-9F2E-41B8-B1A2-0F609B620632}.Release|Any CPU.ActiveCfg = Release|Any CPU
		{3636504E-9F2E-41B8-B1A2-0F609B620632}.Release|Any CPU.Build.0 = Release|Any CPU
		{3636504E-9F2E-41B8-B1A2-0F609B620632}.Release|ARM.ActiveCfg = Release|Any CPU
		{3636504E-9F2E-41B8-B1A2-0F609B620632}.Release|ARM.Build.0 = Release|Any CPU
		{3636504E-9F2E-41B8-B1A2-0F609B620632}.Release|iPhone.ActiveCfg = Release|Any CPU
		{3636504E-9F2E-41B8-B1A2-0F609B620632}.Release|iPhone.Build.0 = Release|Any CPU
		{3636504E-9F2E-41B8-B1A2-0F609B620632}.Release|iPhoneSimulator.ActiveCfg = Release|Any CPU
		{3636504E-9F2E-41B8-B1A2-0F609B620632}.Release|iPhoneSimulator.Build.0 = Release|Any CPU
		{3636504E-9F2E-41B8-B1A2-0F609B620632}.Release|x64.ActiveCfg = Release|Any CPU
		{3636504E-9F2E-41B8-B1A2-0F609B620632}.Release|x64.Build.0 = Release|Any CPU
		{3636504E-9F2E-41B8-B1A2-0F609B620632}.Release|x86.ActiveCfg = Release|Any CPU
		{3636504E-9F2E-41B8-B1A2-0F609B620632}.Release|x86.Build.0 = Release|Any CPU
		{DE9E1CDB-F74A-4580-A4F9-6565B5C8C64F}.Ad-Hoc|Any CPU.ActiveCfg = Release|Any CPU
		{DE9E1CDB-F74A-4580-A4F9-6565B5C8C64F}.Ad-Hoc|Any CPU.Build.0 = Release|Any CPU
		{DE9E1CDB-F74A-4580-A4F9-6565B5C8C64F}.Ad-Hoc|Any CPU.Deploy.0 = Release|Any CPU
		{DE9E1CDB-F74A-4580-A4F9-6565B5C8C64F}.Ad-Hoc|ARM.ActiveCfg = Release|Any CPU
		{DE9E1CDB-F74A-4580-A4F9-6565B5C8C64F}.Ad-Hoc|ARM.Build.0 = Release|Any CPU
		{DE9E1CDB-F74A-4580-A4F9-6565B5C8C64F}.Ad-Hoc|ARM.Deploy.0 = Release|Any CPU
		{DE9E1CDB-F74A-4580-A4F9-6565B5C8C64F}.Ad-Hoc|iPhone.ActiveCfg = Release|Any CPU
		{DE9E1CDB-F74A-4580-A4F9-6565B5C8C64F}.Ad-Hoc|iPhone.Build.0 = Release|Any CPU
		{DE9E1CDB-F74A-4580-A4F9-6565B5C8C64F}.Ad-Hoc|iPhone.Deploy.0 = Release|Any CPU
		{DE9E1CDB-F74A-4580-A4F9-6565B5C8C64F}.Ad-Hoc|iPhoneSimulator.ActiveCfg = Release|Any CPU
		{DE9E1CDB-F74A-4580-A4F9-6565B5C8C64F}.Ad-Hoc|iPhoneSimulator.Build.0 = Release|Any CPU
		{DE9E1CDB-F74A-4580-A4F9-6565B5C8C64F}.Ad-Hoc|iPhoneSimulator.Deploy.0 = Release|Any CPU
		{DE9E1CDB-F74A-4580-A4F9-6565B5C8C64F}.Ad-Hoc|x64.ActiveCfg = Release|Any CPU
		{DE9E1CDB-F74A-4580-A4F9-6565B5C8C64F}.Ad-Hoc|x64.Build.0 = Release|Any CPU
		{DE9E1CDB-F74A-4580-A4F9-6565B5C8C64F}.Ad-Hoc|x64.Deploy.0 = Release|Any CPU
		{DE9E1CDB-F74A-4580-A4F9-6565B5C8C64F}.Ad-Hoc|x86.ActiveCfg = Release|Any CPU
		{DE9E1CDB-F74A-4580-A4F9-6565B5C8C64F}.Ad-Hoc|x86.Build.0 = Release|Any CPU
		{DE9E1CDB-F74A-4580-A4F9-6565B5C8C64F}.Ad-Hoc|x86.Deploy.0 = Release|Any CPU
		{DE9E1CDB-F74A-4580-A4F9-6565B5C8C64F}.AppStore|Any CPU.ActiveCfg = Release|Any CPU
		{DE9E1CDB-F74A-4580-A4F9-6565B5C8C64F}.AppStore|Any CPU.Build.0 = Release|Any CPU
		{DE9E1CDB-F74A-4580-A4F9-6565B5C8C64F}.AppStore|Any CPU.Deploy.0 = Release|Any CPU
		{DE9E1CDB-F74A-4580-A4F9-6565B5C8C64F}.AppStore|ARM.ActiveCfg = Release|Any CPU
		{DE9E1CDB-F74A-4580-A4F9-6565B5C8C64F}.AppStore|ARM.Build.0 = Release|Any CPU
		{DE9E1CDB-F74A-4580-A4F9-6565B5C8C64F}.AppStore|ARM.Deploy.0 = Release|Any CPU
		{DE9E1CDB-F74A-4580-A4F9-6565B5C8C64F}.AppStore|iPhone.ActiveCfg = Release|Any CPU
		{DE9E1CDB-F74A-4580-A4F9-6565B5C8C64F}.AppStore|iPhone.Build.0 = Release|Any CPU
		{DE9E1CDB-F74A-4580-A4F9-6565B5C8C64F}.AppStore|iPhone.Deploy.0 = Release|Any CPU
		{DE9E1CDB-F74A-4580-A4F9-6565B5C8C64F}.AppStore|iPhoneSimulator.ActiveCfg = Release|Any CPU
		{DE9E1CDB-F74A-4580-A4F9-6565B5C8C64F}.AppStore|iPhoneSimulator.Build.0 = Release|Any CPU
		{DE9E1CDB-F74A-4580-A4F9-6565B5C8C64F}.AppStore|iPhoneSimulator.Deploy.0 = Release|Any CPU
		{DE9E1CDB-F74A-4580-A4F9-6565B5C8C64F}.AppStore|x64.ActiveCfg = Release|Any CPU
		{DE9E1CDB-F74A-4580-A4F9-6565B5C8C64F}.AppStore|x64.Build.0 = Release|Any CPU
		{DE9E1CDB-F74A-4580-A4F9-6565B5C8C64F}.AppStore|x64.Deploy.0 = Release|Any CPU
		{DE9E1CDB-F74A-4580-A4F9-6565B5C8C64F}.AppStore|x86.ActiveCfg = Release|Any CPU
		{DE9E1CDB-F74A-4580-A4F9-6565B5C8C64F}.AppStore|x86.Build.0 = Release|Any CPU
		{DE9E1CDB-F74A-4580-A4F9-6565B5C8C64F}.AppStore|x86.Deploy.0 = Release|Any CPU
		{DE9E1CDB-F74A-4580-A4F9-6565B5C8C64F}.Debug|Any CPU.ActiveCfg = Debug|Any CPU
		{DE9E1CDB-F74A-4580-A4F9-6565B5C8C64F}.Debug|Any CPU.Build.0 = Debug|Any CPU
		{DE9E1CDB-F74A-4580-A4F9-6565B5C8C64F}.Debug|Any CPU.Deploy.0 = Debug|Any CPU
		{DE9E1CDB-F74A-4580-A4F9-6565B5C8C64F}.Debug|ARM.ActiveCfg = Debug|Any CPU
		{DE9E1CDB-F74A-4580-A4F9-6565B5C8C64F}.Debug|ARM.Build.0 = Debug|Any CPU
		{DE9E1CDB-F74A-4580-A4F9-6565B5C8C64F}.Debug|ARM.Deploy.0 = Debug|Any CPU
		{DE9E1CDB-F74A-4580-A4F9-6565B5C8C64F}.Debug|iPhone.ActiveCfg = Debug|Any CPU
		{DE9E1CDB-F74A-4580-A4F9-6565B5C8C64F}.Debug|iPhone.Build.0 = Debug|Any CPU
		{DE9E1CDB-F74A-4580-A4F9-6565B5C8C64F}.Debug|iPhone.Deploy.0 = Debug|Any CPU
		{DE9E1CDB-F74A-4580-A4F9-6565B5C8C64F}.Debug|iPhoneSimulator.ActiveCfg = Debug|Any CPU
		{DE9E1CDB-F74A-4580-A4F9-6565B5C8C64F}.Debug|iPhoneSimulator.Build.0 = Debug|Any CPU
		{DE9E1CDB-F74A-4580-A4F9-6565B5C8C64F}.Debug|iPhoneSimulator.Deploy.0 = Debug|Any CPU
		{DE9E1CDB-F74A-4580-A4F9-6565B5C8C64F}.Debug|x64.ActiveCfg = Debug|Any CPU
		{DE9E1CDB-F74A-4580-A4F9-6565B5C8C64F}.Debug|x64.Build.0 = Debug|Any CPU
		{DE9E1CDB-F74A-4580-A4F9-6565B5C8C64F}.Debug|x64.Deploy.0 = Debug|Any CPU
		{DE9E1CDB-F74A-4580-A4F9-6565B5C8C64F}.Debug|x86.ActiveCfg = Debug|Any CPU
		{DE9E1CDB-F74A-4580-A4F9-6565B5C8C64F}.Debug|x86.Build.0 = Debug|Any CPU
		{DE9E1CDB-F74A-4580-A4F9-6565B5C8C64F}.Debug|x86.Deploy.0 = Debug|Any CPU
		{DE9E1CDB-F74A-4580-A4F9-6565B5C8C64F}.Release|Any CPU.ActiveCfg = Release|Any CPU
		{DE9E1CDB-F74A-4580-A4F9-6565B5C8C64F}.Release|Any CPU.Build.0 = Release|Any CPU
		{DE9E1CDB-F74A-4580-A4F9-6565B5C8C64F}.Release|Any CPU.Deploy.0 = Release|Any CPU
		{DE9E1CDB-F74A-4580-A4F9-6565B5C8C64F}.Release|ARM.ActiveCfg = Release|Any CPU
		{DE9E1CDB-F74A-4580-A4F9-6565B5C8C64F}.Release|ARM.Build.0 = Release|Any CPU
		{DE9E1CDB-F74A-4580-A4F9-6565B5C8C64F}.Release|ARM.Deploy.0 = Release|Any CPU
		{DE9E1CDB-F74A-4580-A4F9-6565B5C8C64F}.Release|iPhone.ActiveCfg = Release|Any CPU
		{DE9E1CDB-F74A-4580-A4F9-6565B5C8C64F}.Release|iPhone.Build.0 = Release|Any CPU
		{DE9E1CDB-F74A-4580-A4F9-6565B5C8C64F}.Release|iPhone.Deploy.0 = Release|Any CPU
		{DE9E1CDB-F74A-4580-A4F9-6565B5C8C64F}.Release|iPhoneSimulator.ActiveCfg = Release|Any CPU
		{DE9E1CDB-F74A-4580-A4F9-6565B5C8C64F}.Release|iPhoneSimulator.Build.0 = Release|Any CPU
		{DE9E1CDB-F74A-4580-A4F9-6565B5C8C64F}.Release|iPhoneSimulator.Deploy.0 = Release|Any CPU
		{DE9E1CDB-F74A-4580-A4F9-6565B5C8C64F}.Release|x64.ActiveCfg = Release|Any CPU
		{DE9E1CDB-F74A-4580-A4F9-6565B5C8C64F}.Release|x64.Build.0 = Release|Any CPU
		{DE9E1CDB-F74A-4580-A4F9-6565B5C8C64F}.Release|x64.Deploy.0 = Release|Any CPU
		{DE9E1CDB-F74A-4580-A4F9-6565B5C8C64F}.Release|x86.ActiveCfg = Release|Any CPU
		{DE9E1CDB-F74A-4580-A4F9-6565B5C8C64F}.Release|x86.Build.0 = Release|Any CPU
		{DE9E1CDB-F74A-4580-A4F9-6565B5C8C64F}.Release|x86.Deploy.0 = Release|Any CPU
		{A5302879-F2C2-4063-A42A-294B38D3A00A}.Ad-Hoc|Any CPU.ActiveCfg = Ad-Hoc|iPhone
		{A5302879-F2C2-4063-A42A-294B38D3A00A}.Ad-Hoc|ARM.ActiveCfg = Ad-Hoc|iPhone
		{A5302879-F2C2-4063-A42A-294B38D3A00A}.Ad-Hoc|iPhone.ActiveCfg = Ad-Hoc|iPhone
		{A5302879-F2C2-4063-A42A-294B38D3A00A}.Ad-Hoc|iPhone.Build.0 = Ad-Hoc|iPhone
		{A5302879-F2C2-4063-A42A-294B38D3A00A}.Ad-Hoc|iPhoneSimulator.ActiveCfg = Ad-Hoc|iPhoneSimulator
		{A5302879-F2C2-4063-A42A-294B38D3A00A}.Ad-Hoc|iPhoneSimulator.Build.0 = Ad-Hoc|iPhoneSimulator
		{A5302879-F2C2-4063-A42A-294B38D3A00A}.Ad-Hoc|x64.ActiveCfg = Ad-Hoc|iPhone
		{A5302879-F2C2-4063-A42A-294B38D3A00A}.Ad-Hoc|x86.ActiveCfg = Ad-Hoc|iPhone
		{A5302879-F2C2-4063-A42A-294B38D3A00A}.AppStore|Any CPU.ActiveCfg = AppStore|iPhone
		{A5302879-F2C2-4063-A42A-294B38D3A00A}.AppStore|ARM.ActiveCfg = AppStore|iPhone
		{A5302879-F2C2-4063-A42A-294B38D3A00A}.AppStore|iPhone.ActiveCfg = AppStore|iPhone
		{A5302879-F2C2-4063-A42A-294B38D3A00A}.AppStore|iPhone.Build.0 = AppStore|iPhone
		{A5302879-F2C2-4063-A42A-294B38D3A00A}.AppStore|iPhoneSimulator.ActiveCfg = AppStore|iPhoneSimulator
		{A5302879-F2C2-4063-A42A-294B38D3A00A}.AppStore|iPhoneSimulator.Build.0 = AppStore|iPhoneSimulator
		{A5302879-F2C2-4063-A42A-294B38D3A00A}.AppStore|x64.ActiveCfg = AppStore|iPhone
		{A5302879-F2C2-4063-A42A-294B38D3A00A}.AppStore|x86.ActiveCfg = AppStore|iPhone
		{A5302879-F2C2-4063-A42A-294B38D3A00A}.Debug|Any CPU.ActiveCfg = Debug|iPhone
		{A5302879-F2C2-4063-A42A-294B38D3A00A}.Debug|ARM.ActiveCfg = Debug|iPhone
		{A5302879-F2C2-4063-A42A-294B38D3A00A}.Debug|iPhone.ActiveCfg = Debug|iPhone
		{A5302879-F2C2-4063-A42A-294B38D3A00A}.Debug|iPhone.Build.0 = Debug|iPhone
		{A5302879-F2C2-4063-A42A-294B38D3A00A}.Debug|iPhoneSimulator.ActiveCfg = Debug|iPhoneSimulator
		{A5302879-F2C2-4063-A42A-294B38D3A00A}.Debug|iPhoneSimulator.Build.0 = Debug|iPhoneSimulator
		{A5302879-F2C2-4063-A42A-294B38D3A00A}.Debug|x64.ActiveCfg = Debug|iPhone
		{A5302879-F2C2-4063-A42A-294B38D3A00A}.Debug|x86.ActiveCfg = Debug|iPhone
		{A5302879-F2C2-4063-A42A-294B38D3A00A}.Release|Any CPU.ActiveCfg = Release|iPhone
		{A5302879-F2C2-4063-A42A-294B38D3A00A}.Release|ARM.ActiveCfg = Release|iPhone
		{A5302879-F2C2-4063-A42A-294B38D3A00A}.Release|iPhone.ActiveCfg = Release|iPhone
		{A5302879-F2C2-4063-A42A-294B38D3A00A}.Release|iPhone.Build.0 = Release|iPhone
		{A5302879-F2C2-4063-A42A-294B38D3A00A}.Release|iPhoneSimulator.ActiveCfg = Release|iPhoneSimulator
		{A5302879-F2C2-4063-A42A-294B38D3A00A}.Release|iPhoneSimulator.Build.0 = Release|iPhoneSimulator
		{A5302879-F2C2-4063-A42A-294B38D3A00A}.Release|x64.ActiveCfg = Release|iPhone
		{A5302879-F2C2-4063-A42A-294B38D3A00A}.Release|x86.ActiveCfg = Release|iPhone
		{C24FBE84-2161-4B48-95CE-554FEE3C85F9}.Ad-Hoc|Any CPU.ActiveCfg = Release|Any CPU
		{C24FBE84-2161-4B48-95CE-554FEE3C85F9}.Ad-Hoc|Any CPU.Build.0 = Release|Any CPU
		{C24FBE84-2161-4B48-95CE-554FEE3C85F9}.Ad-Hoc|Any CPU.Deploy.0 = Release|Any CPU
		{C24FBE84-2161-4B48-95CE-554FEE3C85F9}.Ad-Hoc|ARM.ActiveCfg = Release|ARM
		{C24FBE84-2161-4B48-95CE-554FEE3C85F9}.Ad-Hoc|ARM.Build.0 = Release|ARM
		{C24FBE84-2161-4B48-95CE-554FEE3C85F9}.Ad-Hoc|ARM.Deploy.0 = Release|ARM
		{C24FBE84-2161-4B48-95CE-554FEE3C85F9}.Ad-Hoc|iPhone.ActiveCfg = Release|Any CPU
		{C24FBE84-2161-4B48-95CE-554FEE3C85F9}.Ad-Hoc|iPhone.Build.0 = Release|Any CPU
		{C24FBE84-2161-4B48-95CE-554FEE3C85F9}.Ad-Hoc|iPhone.Deploy.0 = Release|Any CPU
		{C24FBE84-2161-4B48-95CE-554FEE3C85F9}.Ad-Hoc|iPhoneSimulator.ActiveCfg = Release|Any CPU
		{C24FBE84-2161-4B48-95CE-554FEE3C85F9}.Ad-Hoc|iPhoneSimulator.Build.0 = Release|Any CPU
		{C24FBE84-2161-4B48-95CE-554FEE3C85F9}.Ad-Hoc|iPhoneSimulator.Deploy.0 = Release|Any CPU
		{C24FBE84-2161-4B48-95CE-554FEE3C85F9}.Ad-Hoc|x64.ActiveCfg = Release|Any CPU
		{C24FBE84-2161-4B48-95CE-554FEE3C85F9}.Ad-Hoc|x64.Build.0 = Release|Any CPU
		{C24FBE84-2161-4B48-95CE-554FEE3C85F9}.Ad-Hoc|x64.Deploy.0 = Release|Any CPU
		{C24FBE84-2161-4B48-95CE-554FEE3C85F9}.Ad-Hoc|x86.ActiveCfg = Release|x86
		{C24FBE84-2161-4B48-95CE-554FEE3C85F9}.Ad-Hoc|x86.Build.0 = Release|x86
		{C24FBE84-2161-4B48-95CE-554FEE3C85F9}.Ad-Hoc|x86.Deploy.0 = Release|x86
		{C24FBE84-2161-4B48-95CE-554FEE3C85F9}.AppStore|Any CPU.ActiveCfg = Release|Any CPU
		{C24FBE84-2161-4B48-95CE-554FEE3C85F9}.AppStore|Any CPU.Build.0 = Release|Any CPU
		{C24FBE84-2161-4B48-95CE-554FEE3C85F9}.AppStore|Any CPU.Deploy.0 = Release|Any CPU
		{C24FBE84-2161-4B48-95CE-554FEE3C85F9}.AppStore|ARM.ActiveCfg = Release|ARM
		{C24FBE84-2161-4B48-95CE-554FEE3C85F9}.AppStore|ARM.Build.0 = Release|ARM
		{C24FBE84-2161-4B48-95CE-554FEE3C85F9}.AppStore|ARM.Deploy.0 = Release|ARM
		{C24FBE84-2161-4B48-95CE-554FEE3C85F9}.AppStore|iPhone.ActiveCfg = Release|Any CPU
		{C24FBE84-2161-4B48-95CE-554FEE3C85F9}.AppStore|iPhone.Build.0 = Release|Any CPU
		{C24FBE84-2161-4B48-95CE-554FEE3C85F9}.AppStore|iPhone.Deploy.0 = Release|Any CPU
		{C24FBE84-2161-4B48-95CE-554FEE3C85F9}.AppStore|iPhoneSimulator.ActiveCfg = Release|Any CPU
		{C24FBE84-2161-4B48-95CE-554FEE3C85F9}.AppStore|iPhoneSimulator.Build.0 = Release|Any CPU
		{C24FBE84-2161-4B48-95CE-554FEE3C85F9}.AppStore|iPhoneSimulator.Deploy.0 = Release|Any CPU
		{C24FBE84-2161-4B48-95CE-554FEE3C85F9}.AppStore|x64.ActiveCfg = Release|Any CPU
		{C24FBE84-2161-4B48-95CE-554FEE3C85F9}.AppStore|x64.Build.0 = Release|Any CPU
		{C24FBE84-2161-4B48-95CE-554FEE3C85F9}.AppStore|x64.Deploy.0 = Release|Any CPU
		{C24FBE84-2161-4B48-95CE-554FEE3C85F9}.AppStore|x86.ActiveCfg = Release|x86
		{C24FBE84-2161-4B48-95CE-554FEE3C85F9}.AppStore|x86.Build.0 = Release|x86
		{C24FBE84-2161-4B48-95CE-554FEE3C85F9}.AppStore|x86.Deploy.0 = Release|x86
		{C24FBE84-2161-4B48-95CE-554FEE3C85F9}.Debug|Any CPU.ActiveCfg = Debug|Any CPU
		{C24FBE84-2161-4B48-95CE-554FEE3C85F9}.Debug|Any CPU.Build.0 = Debug|Any CPU
		{C24FBE84-2161-4B48-95CE-554FEE3C85F9}.Debug|Any CPU.Deploy.0 = Debug|Any CPU
		{C24FBE84-2161-4B48-95CE-554FEE3C85F9}.Debug|ARM.ActiveCfg = Debug|ARM
		{C24FBE84-2161-4B48-95CE-554FEE3C85F9}.Debug|ARM.Build.0 = Debug|ARM
		{C24FBE84-2161-4B48-95CE-554FEE3C85F9}.Debug|ARM.Deploy.0 = Debug|ARM
		{C24FBE84-2161-4B48-95CE-554FEE3C85F9}.Debug|iPhone.ActiveCfg = Debug|Any CPU
		{C24FBE84-2161-4B48-95CE-554FEE3C85F9}.Debug|iPhone.Build.0 = Debug|Any CPU
		{C24FBE84-2161-4B48-95CE-554FEE3C85F9}.Debug|iPhone.Deploy.0 = Debug|Any CPU
		{C24FBE84-2161-4B48-95CE-554FEE3C85F9}.Debug|iPhoneSimulator.ActiveCfg = Debug|Any CPU
		{C24FBE84-2161-4B48-95CE-554FEE3C85F9}.Debug|iPhoneSimulator.Build.0 = Debug|Any CPU
		{C24FBE84-2161-4B48-95CE-554FEE3C85F9}.Debug|iPhoneSimulator.Deploy.0 = Debug|Any CPU
		{C24FBE84-2161-4B48-95CE-554FEE3C85F9}.Debug|x64.ActiveCfg = Debug|Any CPU
		{C24FBE84-2161-4B48-95CE-554FEE3C85F9}.Debug|x64.Build.0 = Debug|Any CPU
		{C24FBE84-2161-4B48-95CE-554FEE3C85F9}.Debug|x64.Deploy.0 = Debug|Any CPU
		{C24FBE84-2161-4B48-95CE-554FEE3C85F9}.Debug|x86.ActiveCfg = Debug|x86
		{C24FBE84-2161-4B48-95CE-554FEE3C85F9}.Debug|x86.Build.0 = Debug|x86
		{C24FBE84-2161-4B48-95CE-554FEE3C85F9}.Debug|x86.Deploy.0 = Debug|x86
		{C24FBE84-2161-4B48-95CE-554FEE3C85F9}.Release|Any CPU.ActiveCfg = Release|Any CPU
		{C24FBE84-2161-4B48-95CE-554FEE3C85F9}.Release|Any CPU.Build.0 = Release|Any CPU
		{C24FBE84-2161-4B48-95CE-554FEE3C85F9}.Release|Any CPU.Deploy.0 = Release|Any CPU
		{C24FBE84-2161-4B48-95CE-554FEE3C85F9}.Release|ARM.ActiveCfg = Release|ARM
		{C24FBE84-2161-4B48-95CE-554FEE3C85F9}.Release|ARM.Build.0 = Release|ARM
		{C24FBE84-2161-4B48-95CE-554FEE3C85F9}.Release|ARM.Deploy.0 = Release|ARM
		{C24FBE84-2161-4B48-95CE-554FEE3C85F9}.Release|iPhone.ActiveCfg = Release|Any CPU
		{C24FBE84-2161-4B48-95CE-554FEE3C85F9}.Release|iPhone.Build.0 = Release|Any CPU
		{C24FBE84-2161-4B48-95CE-554FEE3C85F9}.Release|iPhone.Deploy.0 = Release|Any CPU
		{C24FBE84-2161-4B48-95CE-554FEE3C85F9}.Release|iPhoneSimulator.ActiveCfg = Release|Any CPU
		{C24FBE84-2161-4B48-95CE-554FEE3C85F9}.Release|iPhoneSimulator.Build.0 = Release|Any CPU
		{C24FBE84-2161-4B48-95CE-554FEE3C85F9}.Release|iPhoneSimulator.Deploy.0 = Release|Any CPU
		{C24FBE84-2161-4B48-95CE-554FEE3C85F9}.Release|x64.ActiveCfg = Release|Any CPU
		{C24FBE84-2161-4B48-95CE-554FEE3C85F9}.Release|x64.Build.0 = Release|Any CPU
		{C24FBE84-2161-4B48-95CE-554FEE3C85F9}.Release|x64.Deploy.0 = Release|Any CPU
		{C24FBE84-2161-4B48-95CE-554FEE3C85F9}.Release|x86.ActiveCfg = Release|x86
		{C24FBE84-2161-4B48-95CE-554FEE3C85F9}.Release|x86.Build.0 = Release|x86
		{C24FBE84-2161-4B48-95CE-554FEE3C85F9}.Release|x86.Deploy.0 = Release|x86
		{F6A38865-6A8D-485D-8911-88BE5561D12B}.Ad-Hoc|Any CPU.ActiveCfg = Release|x86
		{F6A38865-6A8D-485D-8911-88BE5561D12B}.Ad-Hoc|Any CPU.Build.0 = Release|x86
		{F6A38865-6A8D-485D-8911-88BE5561D12B}.Ad-Hoc|Any CPU.Deploy.0 = Release|x86
		{F6A38865-6A8D-485D-8911-88BE5561D12B}.Ad-Hoc|ARM.ActiveCfg = Release|ARM
		{F6A38865-6A8D-485D-8911-88BE5561D12B}.Ad-Hoc|ARM.Build.0 = Release|ARM
		{F6A38865-6A8D-485D-8911-88BE5561D12B}.Ad-Hoc|ARM.Deploy.0 = Release|ARM
		{F6A38865-6A8D-485D-8911-88BE5561D12B}.Ad-Hoc|iPhone.ActiveCfg = Release|x86
		{F6A38865-6A8D-485D-8911-88BE5561D12B}.Ad-Hoc|iPhone.Build.0 = Release|x86
		{F6A38865-6A8D-485D-8911-88BE5561D12B}.Ad-Hoc|iPhone.Deploy.0 = Release|x86
		{F6A38865-6A8D-485D-8911-88BE5561D12B}.Ad-Hoc|iPhoneSimulator.ActiveCfg = Release|x86
		{F6A38865-6A8D-485D-8911-88BE5561D12B}.Ad-Hoc|iPhoneSimulator.Build.0 = Release|x86
		{F6A38865-6A8D-485D-8911-88BE5561D12B}.Ad-Hoc|iPhoneSimulator.Deploy.0 = Release|x86
		{F6A38865-6A8D-485D-8911-88BE5561D12B}.Ad-Hoc|x64.ActiveCfg = Release|x64
		{F6A38865-6A8D-485D-8911-88BE5561D12B}.Ad-Hoc|x64.Build.0 = Release|x64
		{F6A38865-6A8D-485D-8911-88BE5561D12B}.Ad-Hoc|x64.Deploy.0 = Release|x64
		{F6A38865-6A8D-485D-8911-88BE5561D12B}.Ad-Hoc|x86.ActiveCfg = Release|x86
		{F6A38865-6A8D-485D-8911-88BE5561D12B}.Ad-Hoc|x86.Build.0 = Release|x86
		{F6A38865-6A8D-485D-8911-88BE5561D12B}.Ad-Hoc|x86.Deploy.0 = Release|x86
		{F6A38865-6A8D-485D-8911-88BE5561D12B}.AppStore|Any CPU.ActiveCfg = Release|x86
		{F6A38865-6A8D-485D-8911-88BE5561D12B}.AppStore|Any CPU.Build.0 = Release|x86
		{F6A38865-6A8D-485D-8911-88BE5561D12B}.AppStore|Any CPU.Deploy.0 = Release|x86
		{F6A38865-6A8D-485D-8911-88BE5561D12B}.AppStore|ARM.ActiveCfg = Release|ARM
		{F6A38865-6A8D-485D-8911-88BE5561D12B}.AppStore|ARM.Build.0 = Release|ARM
		{F6A38865-6A8D-485D-8911-88BE5561D12B}.AppStore|ARM.Deploy.0 = Release|ARM
		{F6A38865-6A8D-485D-8911-88BE5561D12B}.AppStore|iPhone.ActiveCfg = Release|x86
		{F6A38865-6A8D-485D-8911-88BE5561D12B}.AppStore|iPhone.Build.0 = Release|x86
		{F6A38865-6A8D-485D-8911-88BE5561D12B}.AppStore|iPhone.Deploy.0 = Release|x86
		{F6A38865-6A8D-485D-8911-88BE5561D12B}.AppStore|iPhoneSimulator.ActiveCfg = Release|x86
		{F6A38865-6A8D-485D-8911-88BE5561D12B}.AppStore|iPhoneSimulator.Build.0 = Release|x86
		{F6A38865-6A8D-485D-8911-88BE5561D12B}.AppStore|iPhoneSimulator.Deploy.0 = Release|x86
		{F6A38865-6A8D-485D-8911-88BE5561D12B}.AppStore|x64.ActiveCfg = Release|x64
		{F6A38865-6A8D-485D-8911-88BE5561D12B}.AppStore|x64.Build.0 = Release|x64
		{F6A38865-6A8D-485D-8911-88BE5561D12B}.AppStore|x64.Deploy.0 = Release|x64
		{F6A38865-6A8D-485D-8911-88BE5561D12B}.AppStore|x86.ActiveCfg = Release|x86
		{F6A38865-6A8D-485D-8911-88BE5561D12B}.AppStore|x86.Build.0 = Release|x86
		{F6A38865-6A8D-485D-8911-88BE5561D12B}.AppStore|x86.Deploy.0 = Release|x86
		{F6A38865-6A8D-485D-8911-88BE5561D12B}.Debug|Any CPU.ActiveCfg = Debug|x86
		{F6A38865-6A8D-485D-8911-88BE5561D12B}.Debug|ARM.ActiveCfg = Debug|ARM
		{F6A38865-6A8D-485D-8911-88BE5561D12B}.Debug|ARM.Build.0 = Debug|ARM
		{F6A38865-6A8D-485D-8911-88BE5561D12B}.Debug|ARM.Deploy.0 = Debug|ARM
		{F6A38865-6A8D-485D-8911-88BE5561D12B}.Debug|iPhone.ActiveCfg = Debug|x86
		{F6A38865-6A8D-485D-8911-88BE5561D12B}.Debug|iPhoneSimulator.ActiveCfg = Debug|x86
		{F6A38865-6A8D-485D-8911-88BE5561D12B}.Debug|x64.ActiveCfg = Debug|x64
		{F6A38865-6A8D-485D-8911-88BE5561D12B}.Debug|x64.Build.0 = Debug|x64
		{F6A38865-6A8D-485D-8911-88BE5561D12B}.Debug|x64.Deploy.0 = Debug|x64
		{F6A38865-6A8D-485D-8911-88BE5561D12B}.Debug|x86.ActiveCfg = Debug|x86
		{F6A38865-6A8D-485D-8911-88BE5561D12B}.Debug|x86.Build.0 = Debug|x86
		{F6A38865-6A8D-485D-8911-88BE5561D12B}.Debug|x86.Deploy.0 = Debug|x86
		{F6A38865-6A8D-485D-8911-88BE5561D12B}.Release|Any CPU.ActiveCfg = Release|x86
		{F6A38865-6A8D-485D-8911-88BE5561D12B}.Release|ARM.ActiveCfg = Release|ARM
		{F6A38865-6A8D-485D-8911-88BE5561D12B}.Release|ARM.Build.0 = Release|ARM
		{F6A38865-6A8D-485D-8911-88BE5561D12B}.Release|ARM.Deploy.0 = Release|ARM
		{F6A38865-6A8D-485D-8911-88BE5561D12B}.Release|iPhone.ActiveCfg = Release|x86
		{F6A38865-6A8D-485D-8911-88BE5561D12B}.Release|iPhoneSimulator.ActiveCfg = Release|x86
		{F6A38865-6A8D-485D-8911-88BE5561D12B}.Release|x64.ActiveCfg = Release|x64
		{F6A38865-6A8D-485D-8911-88BE5561D12B}.Release|x64.Build.0 = Release|x64
		{F6A38865-6A8D-485D-8911-88BE5561D12B}.Release|x64.Deploy.0 = Release|x64
		{F6A38865-6A8D-485D-8911-88BE5561D12B}.Release|x86.ActiveCfg = Release|x86
		{F6A38865-6A8D-485D-8911-88BE5561D12B}.Release|x86.Build.0 = Release|x86
		{F6A38865-6A8D-485D-8911-88BE5561D12B}.Release|x86.Deploy.0 = Release|x86
		{14C8AC19-F165-4308-8392-CC9EE95ADB05}.Ad-Hoc|Any CPU.ActiveCfg = Release|Any CPU
		{14C8AC19-F165-4308-8392-CC9EE95ADB05}.Ad-Hoc|Any CPU.Build.0 = Release|Any CPU
		{14C8AC19-F165-4308-8392-CC9EE95ADB05}.Ad-Hoc|Any CPU.Deploy.0 = Release|Any CPU
		{14C8AC19-F165-4308-8392-CC9EE95ADB05}.Ad-Hoc|ARM.ActiveCfg = Release|ARM
		{14C8AC19-F165-4308-8392-CC9EE95ADB05}.Ad-Hoc|ARM.Build.0 = Release|ARM
		{14C8AC19-F165-4308-8392-CC9EE95ADB05}.Ad-Hoc|ARM.Deploy.0 = Release|ARM
		{14C8AC19-F165-4308-8392-CC9EE95ADB05}.Ad-Hoc|iPhone.ActiveCfg = Release|Any CPU
		{14C8AC19-F165-4308-8392-CC9EE95ADB05}.Ad-Hoc|iPhone.Build.0 = Release|Any CPU
		{14C8AC19-F165-4308-8392-CC9EE95ADB05}.Ad-Hoc|iPhone.Deploy.0 = Release|Any CPU
		{14C8AC19-F165-4308-8392-CC9EE95ADB05}.Ad-Hoc|iPhoneSimulator.ActiveCfg = Release|Any CPU
		{14C8AC19-F165-4308-8392-CC9EE95ADB05}.Ad-Hoc|iPhoneSimulator.Build.0 = Release|Any CPU
		{14C8AC19-F165-4308-8392-CC9EE95ADB05}.Ad-Hoc|iPhoneSimulator.Deploy.0 = Release|Any CPU
		{14C8AC19-F165-4308-8392-CC9EE95ADB05}.Ad-Hoc|x64.ActiveCfg = Release|x64
		{14C8AC19-F165-4308-8392-CC9EE95ADB05}.Ad-Hoc|x64.Build.0 = Release|x64
		{14C8AC19-F165-4308-8392-CC9EE95ADB05}.Ad-Hoc|x64.Deploy.0 = Release|x64
		{14C8AC19-F165-4308-8392-CC9EE95ADB05}.Ad-Hoc|x86.ActiveCfg = Release|x86
		{14C8AC19-F165-4308-8392-CC9EE95ADB05}.Ad-Hoc|x86.Build.0 = Release|x86
		{14C8AC19-F165-4308-8392-CC9EE95ADB05}.Ad-Hoc|x86.Deploy.0 = Release|x86
		{14C8AC19-F165-4308-8392-CC9EE95ADB05}.AppStore|Any CPU.ActiveCfg = Release|Any CPU
		{14C8AC19-F165-4308-8392-CC9EE95ADB05}.AppStore|Any CPU.Build.0 = Release|Any CPU
		{14C8AC19-F165-4308-8392-CC9EE95ADB05}.AppStore|Any CPU.Deploy.0 = Release|Any CPU
		{14C8AC19-F165-4308-8392-CC9EE95ADB05}.AppStore|ARM.ActiveCfg = Release|ARM
		{14C8AC19-F165-4308-8392-CC9EE95ADB05}.AppStore|ARM.Build.0 = Release|ARM
		{14C8AC19-F165-4308-8392-CC9EE95ADB05}.AppStore|ARM.Deploy.0 = Release|ARM
		{14C8AC19-F165-4308-8392-CC9EE95ADB05}.AppStore|iPhone.ActiveCfg = Release|Any CPU
		{14C8AC19-F165-4308-8392-CC9EE95ADB05}.AppStore|iPhone.Build.0 = Release|Any CPU
		{14C8AC19-F165-4308-8392-CC9EE95ADB05}.AppStore|iPhone.Deploy.0 = Release|Any CPU
		{14C8AC19-F165-4308-8392-CC9EE95ADB05}.AppStore|iPhoneSimulator.ActiveCfg = Release|Any CPU
		{14C8AC19-F165-4308-8392-CC9EE95ADB05}.AppStore|iPhoneSimulator.Build.0 = Release|Any CPU
		{14C8AC19-F165-4308-8392-CC9EE95ADB05}.AppStore|iPhoneSimulator.Deploy.0 = Release|Any CPU
		{14C8AC19-F165-4308-8392-CC9EE95ADB05}.AppStore|x64.ActiveCfg = Release|x64
		{14C8AC19-F165-4308-8392-CC9EE95ADB05}.AppStore|x64.Build.0 = Release|x64
		{14C8AC19-F165-4308-8392-CC9EE95ADB05}.AppStore|x64.Deploy.0 = Release|x64
		{14C8AC19-F165-4308-8392-CC9EE95ADB05}.AppStore|x86.ActiveCfg = Release|x86
		{14C8AC19-F165-4308-8392-CC9EE95ADB05}.AppStore|x86.Build.0 = Release|x86
		{14C8AC19-F165-4308-8392-CC9EE95ADB05}.AppStore|x86.Deploy.0 = Release|x86
		{14C8AC19-F165-4308-8392-CC9EE95ADB05}.Debug|Any CPU.ActiveCfg = Debug|Any CPU
		{14C8AC19-F165-4308-8392-CC9EE95ADB05}.Debug|Any CPU.Build.0 = Debug|Any CPU
		{14C8AC19-F165-4308-8392-CC9EE95ADB05}.Debug|Any CPU.Deploy.0 = Debug|Any CPU
		{14C8AC19-F165-4308-8392-CC9EE95ADB05}.Debug|ARM.ActiveCfg = Debug|ARM
		{14C8AC19-F165-4308-8392-CC9EE95ADB05}.Debug|ARM.Build.0 = Debug|ARM
		{14C8AC19-F165-4308-8392-CC9EE95ADB05}.Debug|ARM.Deploy.0 = Debug|ARM
		{14C8AC19-F165-4308-8392-CC9EE95ADB05}.Debug|iPhone.ActiveCfg = Debug|Any CPU
		{14C8AC19-F165-4308-8392-CC9EE95ADB05}.Debug|iPhone.Build.0 = Debug|Any CPU
		{14C8AC19-F165-4308-8392-CC9EE95ADB05}.Debug|iPhone.Deploy.0 = Debug|Any CPU
		{14C8AC19-F165-4308-8392-CC9EE95ADB05}.Debug|iPhoneSimulator.ActiveCfg = Debug|Any CPU
		{14C8AC19-F165-4308-8392-CC9EE95ADB05}.Debug|iPhoneSimulator.Build.0 = Debug|Any CPU
		{14C8AC19-F165-4308-8392-CC9EE95ADB05}.Debug|iPhoneSimulator.Deploy.0 = Debug|Any CPU
		{14C8AC19-F165-4308-8392-CC9EE95ADB05}.Debug|x64.ActiveCfg = Debug|x64
		{14C8AC19-F165-4308-8392-CC9EE95ADB05}.Debug|x64.Build.0 = Debug|x64
		{14C8AC19-F165-4308-8392-CC9EE95ADB05}.Debug|x64.Deploy.0 = Debug|x64
		{14C8AC19-F165-4308-8392-CC9EE95ADB05}.Debug|x86.ActiveCfg = Debug|x86
		{14C8AC19-F165-4308-8392-CC9EE95ADB05}.Debug|x86.Build.0 = Debug|x86
		{14C8AC19-F165-4308-8392-CC9EE95ADB05}.Debug|x86.Deploy.0 = Debug|x86
		{14C8AC19-F165-4308-8392-CC9EE95ADB05}.Release|Any CPU.ActiveCfg = Release|Any CPU
		{14C8AC19-F165-4308-8392-CC9EE95ADB05}.Release|Any CPU.Build.0 = Release|Any CPU
		{14C8AC19-F165-4308-8392-CC9EE95ADB05}.Release|Any CPU.Deploy.0 = Release|Any CPU
		{14C8AC19-F165-4308-8392-CC9EE95ADB05}.Release|ARM.ActiveCfg = Release|ARM
		{14C8AC19-F165-4308-8392-CC9EE95ADB05}.Release|ARM.Build.0 = Release|ARM
		{14C8AC19-F165-4308-8392-CC9EE95ADB05}.Release|ARM.Deploy.0 = Release|ARM
		{14C8AC19-F165-4308-8392-CC9EE95ADB05}.Release|iPhone.ActiveCfg = Release|Any CPU
		{14C8AC19-F165-4308-8392-CC9EE95ADB05}.Release|iPhone.Build.0 = Release|Any CPU
		{14C8AC19-F165-4308-8392-CC9EE95ADB05}.Release|iPhone.Deploy.0 = Release|Any CPU
		{14C8AC19-F165-4308-8392-CC9EE95ADB05}.Release|iPhoneSimulator.ActiveCfg = Release|Any CPU
		{14C8AC19-F165-4308-8392-CC9EE95ADB05}.Release|iPhoneSimulator.Build.0 = Release|Any CPU
		{14C8AC19-F165-4308-8392-CC9EE95ADB05}.Release|iPhoneSimulator.Deploy.0 = Release|Any CPU
		{14C8AC19-F165-4308-8392-CC9EE95ADB05}.Release|x64.ActiveCfg = Release|x64
		{14C8AC19-F165-4308-8392-CC9EE95ADB05}.Release|x64.Build.0 = Release|x64
		{14C8AC19-F165-4308-8392-CC9EE95ADB05}.Release|x64.Deploy.0 = Release|x64
		{14C8AC19-F165-4308-8392-CC9EE95ADB05}.Release|x86.ActiveCfg = Release|x86
		{14C8AC19-F165-4308-8392-CC9EE95ADB05}.Release|x86.Build.0 = Release|x86
		{14C8AC19-F165-4308-8392-CC9EE95ADB05}.Release|x86.Deploy.0 = Release|x86
	EndGlobalSection
	GlobalSection(SolutionProperties) = preSolution
		HideSolutionNode = FALSE
	EndGlobalSection
EndGlobal
